
Microsoft Visual Studio Solution File, Format Version 12.00
# Visual Studio Version 16
VisualStudioVersion = 16.0.28917.182
MinimumVisualStudioVersion = 10.0.40219.1
Project("{FAE04EC0-301F-11D3-BF4B-00C04F79EFBC}") = "ApiListener", "ApiListener\ApiListener.csproj", "{79E4DD3D-802C-466C-B49A-CB1ACFF13E64}"
EndProject
Global
	GlobalSection(SolutionConfigurationPlatforms) = preSolution
		Debug|Any CPU = Debug|Any CPU
		Release|Any CPU = Release|Any CPU
	EndGlobalSection
	GlobalSection(ProjectConfigurationPlatforms) = postSolution
		{79E4DD3D-802C-466C-B49A-CB1ACFF13E64}.Debug|Any CPU.ActiveCfg = Debug|Any CPU
		{79E4DD3D-802C-466C-B49A-CB1ACFF13E64}.Debug|Any CPU.Build.0 = Debug|Any CPU
		{79E4DD3D-802C-466C-B49A-CB1ACFF13E64}.Release|Any CPU.ActiveCfg = Release|Any CPU
		{79E4DD3D-802C-466C-B49A-CB1ACFF13E64}.Release|Any CPU.Build.0 = Release|Any CPU
	EndGlobalSection
	GlobalSection(SolutionProperties) = preSolution
		HideSolutionNode = FALSE
	EndGlobalSection
	GlobalSection(ExtensibilityGlobals) = postSolution
		SolutionGuid = {1E8AE871-8ABC-4100-B82E-6CCE6D48D32B}
	EndGlobalSection
EndGlobal
